// !$*UTF8*$!
{
	archiveVersion = 1;
	classes = {
	};
	objectVersion = 55;
	objects = {

/* Begin PBXBuildFile section */
		B8975C6129923C8B00BE9B6E /* newView.swift in Sources */ = {isa = PBXBuildFile; fileRef = B8975C6029923C8B00BE9B6E /* newView.swift */; };
		B8975C632992458B00BE9B6E /* NewNote.swift in Sources */ = {isa = PBXBuildFile; fileRef = B8975C622992458B00BE9B6E /* NewNote.swift */; };
		B8AAE2B9299237C000AAA718 /* NotebookDemoApp.swift in Sources */ = {isa = PBXBuildFile; fileRef = B8AAE2B8299237C000AAA718 /* NotebookDemoApp.swift */; };
		B8AAE2BB299237C000AAA718 /* ContentView.swift in Sources */ = {isa = PBXBuildFile; fileRef = B8AAE2BA299237C000AAA718 /* ContentView.swift */; };
		B8AAE2BD299237C500AAA718 /* Assets.xcassets in Resources */ = {isa = PBXBuildFile; fileRef = B8AAE2BC299237C500AAA718 /* Assets.xcassets */; };
		B8AAE2C0299237C500AAA718 /* Preview Assets.xcassets in Resources */ = {isa = PBXBuildFile; fileRef = B8AAE2BF299237C500AAA718 /* Preview Assets.xcassets */; };
		B8AAE2CA299237C500AAA718 /* NotebookDemoTests.swift in Sources */ = {isa = PBXBuildFile; fileRef = B8AAE2C9299237C500AAA718 /* NotebookDemoTests.swift */; };
		B8AAE2D4299237C500AAA718 /* NotebookDemoUITests.swift in Sources */ = {isa = PBXBuildFile; fileRef = B8AAE2D3299237C500AAA718 /* NotebookDemoUITests.swift */; };
		B8AAE2D6299237C500AAA718 /* NotebookDemoUITestsLaunchTests.swift in Sources */ = {isa = PBXBuildFile; fileRef = B8AAE2D5299237C500AAA718 /* NotebookDemoUITestsLaunchTests.swift */; };
/* End PBXBuildFile section */

/* Begin PBXContainerItemProxy section */
		B8AAE2C6299237C500AAA718 /* PBXContainerItemProxy */ = {
			isa = PBXContainerItemProxy;
			containerPortal = B8AAE2AD299237C000AAA718 /* Project object */;
			proxyType = 1;
			remoteGlobalIDString = B8AAE2B4299237C000AAA718;
			remoteInfo = NotebookDemo;
		};
		B8AAE2D0299237C500AAA718 /* PBXContainerItemProxy */ = {
			isa = PBXContainerItemProxy;
			containerPortal = B8AAE2AD299237C000AAA718 /* Project object */;
			proxyType = 1;
			remoteGlobalIDString = B8AAE2B4299237C000AAA718;
			remoteInfo = NotebookDemo;
		};
/* End PBXContainerItemProxy section */

/* Begin PBXFileReference section */
		B8975C6029923C8B00BE9B6E /* newView.swift */ = {isa = PBXFileReference; lastKnownFileType = sourcecode.swift; path = newView.swift; sourceTree = "<group>"; };
		B8975C622992458B00BE9B6E /* NewNote.swift */ = {isa = PBXFileReference; lastKnownFileType = sourcecode.swift; path = NewNote.swift; sourceTree = "<group>"; };
		B8AAE2B5299237C000AAA718 /* NotebookDemo.app */ = {isa = PBXFileReference; explicitFileType = wrapper.application; includeInIndex = 0; path = NotebookDemo.app; sourceTree = BUILT_PRODUCTS_DIR; };
		B8AAE2B8299237C000AAA718 /* NotebookDemoApp.swift */ = {isa = PBXFileReference; lastKnownFileType = sourcecode.swift; path = NotebookDemoApp.swift; sourceTree = "<group>"; };
		B8AAE2BA299237C000AAA718 /* ContentView.swift */ = {isa = PBXFileReference; lastKnownFileType = sourcecode.swift; path = ContentView.swift; sourceTree = "<group>"; };
		B8AAE2BC299237C500AAA718 /* Assets.xcassets */ = {isa = PBXFileReference; lastKnownFileType = folder.assetcatalog; path = Assets.xcassets; sourceTree = "<group>"; };
		B8AAE2BF299237C500AAA718 /* Preview Assets.xcassets */ = {isa = PBXFileReference; lastKnownFileType = folder.assetcatalog; path = "Preview Assets.xcassets"; sourceTree = "<group>"; };
		B8AAE2C5299237C500AAA718 /* NotebookDemoTests.xctest */ = {isa = PBXFileReference; explicitFileType = wrapper.cfbundle; includeInIndex = 0; path = NotebookDemoTests.xctest; sourceTree = BUILT_PRODUCTS_DIR; };
		B8AAE2C9299237C500AAA718 /* NotebookDemoTests.swift */ = {isa = PBXFileReference; lastKnownFileType = sourcecode.swift; path = NotebookDemoTests.swift; sourceTree = "<group>"; };
		B8AAE2CF299237C500AAA718 /* NotebookDemoUITests.xctest */ = {isa = PBXFileReference; explicitFileType = wrapper.cfbundle; includeInIndex = 0; path = NotebookDemoUITests.xctest; sourceTree = BUILT_PRODUCTS_DIR; };
		B8AAE2D3299237C500AAA718 /* NotebookDemoUITests.swift */ = {isa = PBXFileReference; lastKnownFileType = sourcecode.swift; path = NotebookDemoUITests.swift; sourceTree = "<group>"; };
		B8AAE2D5299237C500AAA718 /* NotebookDemoUITestsLaunchTests.swift */ = {isa = PBXFileReference; lastKnownFileType = sourcecode.swift; path = NotebookDemoUITestsLaunchTests.swift; sourceTree = "<group>"; };
/* End PBXFileReference section */

/* Begin PBXFrameworksBuildPhase section */
		B8AAE2B2299237C000AAA718 /* Frameworks */ = {
			isa = PBXFrameworksBuildPhase;
			buildActionMask = 2147483647;
			files = (
			);
			runOnlyForDeploymentPostprocessing = 0;
		};
		B8AAE2C2299237C500AAA718 /* Frameworks */ = {
			isa = PBXFrameworksBuildPhase;
			buildActionMask = 2147483647;
			files = (
			);
			runOnlyForDeploymentPostprocessing = 0;
		};
		B8AAE2CC299237C500AAA718 /* Frameworks */ = {
			isa = PBXFrameworksBuildPhase;
			buildActionMask = 2147483647;
			files = (
			);
			runOnlyForDeploymentPostprocessing = 0;
		};
/* End PBXFrameworksBuildPhase section */

/* Begin PBXGroup section */
		B8AAE2AC299237C000AAA718 = {
			isa = PBXGroup;
			children = (
				B8AAE2B7299237C000AAA718 /* NotebookDemo */,
				B8AAE2C8299237C500AAA718 /* NotebookDemoTests */,
				B8AAE2D2299237C500AAA718 /* NotebookDemoUITests */,
				B8AAE2B6299237C000AAA718 /* Products */,
			);
			sourceTree = "<group>";
		};
		B8AAE2B6299237C000AAA718 /* Products */ = {
			isa = PBXGroup;
			children = (
				B8AAE2B5299237C000AAA718 /* NotebookDemo.app */,
				B8AAE2C5299237C500AAA718 /* NotebookDemoTests.xctest */,
				B8AAE2CF299237C500AAA718 /* NotebookDemoUITests.xctest */,
			);
			name = Products;
			sourceTree = "<group>";
		};
		B8AAE2B7299237C000AAA718 /* NotebookDemo */ = {
			isa = PBXGroup;
			children = (
				B8AAE2B8299237C000AAA718 /* NotebookDemoApp.swift */,
				B8AAE2BA299237C000AAA718 /* ContentView.swift */,
				B8AAE2BC299237C500AAA718 /* Assets.xcassets */,
				B8AAE2BE299237C500AAA718 /* Preview Content */,
			);
			path = NotebookDemo;
			sourceTree = "<group>";
		};
		B8AAE2BE299237C500AAA718 /* Preview Content */ = {
			isa = PBXGroup;
			children = (
				B8AAE2BF299237C500AAA718 /* Preview Assets.xcassets */,
				B8975C6029923C8B00BE9B6E /* newView.swift */,
				B8975C622992458B00BE9B6E /* NewNote.swift */,
			);
			path = "Preview Content";
			sourceTree = "<group>";
		};
		B8AAE2C8299237C500AAA718 /* NotebookDemoTests */ = {
			isa = PBXGroup;
			children = (
				B8AAE2C9299237C500AAA718 /* NotebookDemoTests.swift */,
			);
			path = NotebookDemoTests;
			sourceTree = "<group>";
		};
		B8AAE2D2299237C500AAA718 /* NotebookDemoUITests */ = {
			isa = PBXGroup;
			children = (
				B8AAE2D3299237C500AAA718 /* NotebookDemoUITests.swift */,
				B8AAE2D5299237C500AAA718 /* NotebookDemoUITestsLaunchTests.swift */,
			);
			path = NotebookDemoUITests;
			sourceTree = "<group>";
		};
/* End PBXGroup section */

/* Begin PBXNativeTarget section */
		B8AAE2B4299237C000AAA718 /* NotebookDemo */ = {
			isa = PBXNativeTarget;
			buildConfigurationList = B8AAE2D9299237C500AAA718 /* Build configuration list for PBXNativeTarget "NotebookDemo" */;
			buildPhases = (
				B8AAE2B1299237C000AAA718 /* Sources */,
				B8AAE2B2299237C000AAA718 /* Frameworks */,
				B8AAE2B3299237C000AAA718 /* Resources */,
			);
			buildRules = (
			);
			dependencies = (
			);
			name = NotebookDemo;
			productName = NotebookDemo;
			productReference = B8AAE2B5299237C000AAA718 /* NotebookDemo.app */;
			productType = "com.apple.product-type.application";
		};
		B8AAE2C4299237C500AAA718 /* NotebookDemoTests */ = {
			isa = PBXNativeTarget;
			buildConfigurationList = B8AAE2DC299237C500AAA718 /* Build configuration list for PBXNativeTarget "NotebookDemoTests" */;
			buildPhases = (
				B8AAE2C1299237C500AAA718 /* Sources */,
				B8AAE2C2299237C500AAA718 /* Frameworks */,
				B8AAE2C3299237C500AAA718 /* Resources */,
			);
			buildRules = (
			);
			dependencies = (
				B8AAE2C7299237C500AAA718 /* PBXTargetDependency */,
			);
			name = NotebookDemoTests;
			productName = NotebookDemoTests;
			productReference = B8AAE2C5299237C500AAA718 /* NotebookDemoTests.xctest */;
			productType = "com.apple.product-type.bundle.unit-test";
		};
		B8AAE2CE299237C500AAA718 /* NotebookDemoUITests */ = {
			isa = PBXNativeTarget;
			buildConfigurationList = B8AAE2DF299237C500AAA718 /* Build configuration list for PBXNativeTarget "NotebookDemoUITests" */;
			buildPhases = (
				B8AAE2CB299237C500AAA718 /* Sources */,
				B8AAE2CC299237C500AAA718 /* Frameworks */,
				B8AAE2CD299237C500AAA718 /* Resources */,
			);
			buildRules = (
			);
			dependencies = (
				B8AAE2D1299237C500AAA718 /* PBXTargetDependency */,
			);
			name = NotebookDemoUITests;
			productName = NotebookDemoUITests;
			productReference = B8AAE2CF299237C500AAA718 /* NotebookDemoUITests.xctest */;
			productType = "com.apple.product-type.bundle.ui-testing";
		};
/* End PBXNativeTarget section */

/* Begin PBXProject section */
		B8AAE2AD299237C000AAA718 /* Project object */ = {
			isa = PBXProject;
			attributes = {
				BuildIndependentTargetsInParallel = 1;
				LastSwiftUpdateCheck = 1340;
				LastUpgradeCheck = 1340;
				TargetAttributes = {
					B8AAE2B4299237C000AAA718 = {
						CreatedOnToolsVersion = 13.4.1;
					};
					B8AAE2C4299237C500AAA718 = {
						CreatedOnToolsVersion = 13.4.1;
						TestTargetID = B8AAE2B4299237C000AAA718;
					};
					B8AAE2CE299237C500AAA718 = {
						CreatedOnToolsVersion = 13.4.1;
						TestTargetID = B8AAE2B4299237C000AAA718;
					};
				};
			};
			buildConfigurationList = B8AAE2B0299237C000AAA718 /* Build configuration list for PBXProject "NotebookDemo" */;
			compatibilityVersion = "Xcode 13.0";
			developmentRegion = en;
			hasScannedForEncodings = 0;
			knownRegions = (
				en,
				Base,
			);
			mainGroup = B8AAE2AC299237C000AAA718;
			productRefGroup = B8AAE2B6299237C000AAA718 /* Products */;
			projectDirPath = "";
			projectRoot = "";
			targets = (
				B8AAE2B4299237C000AAA718 /* NotebookDemo */,
				B8AAE2C4299237C500AAA718 /* NotebookDemoTests */,
				B8AAE2CE299237C500AAA718 /* NotebookDemoUITests */,
			);
		};
/* End PBXProject section */

/* Begin PBXResourcesBuildPhase section */
		B8AAE2B3299237C000AAA718 /* Resources */ = {
			isa = PBXResourcesBuildPhase;
			buildActionMask = 2147483647;
			files = (
				B8AAE2C0299237C500AAA718 /* Preview Assets.xcassets in Resources */,
				B8AAE2BD299237C500AAA718 /* Assets.xcassets in Resources */,
			);
			runOnlyForDeploymentPostprocessing = 0;
		};
		B8AAE2C3299237C500AAA718 /* Resources */ = {
			isa = PBXResourcesBuildPhase;
			buildActionMask = 2147483647;
			files = (
			);
			runOnlyForDeploymentPostprocessing = 0;
		};
		B8AAE2CD299237C500AAA718 /* Resources */ = {
			isa = PBXResourcesBuildPhase;
			buildActionMask = 2147483647;
			files = (
			);
			runOnlyForDeploymentPostprocessing = 0;
		};
/* End PBXResourcesBuildPhase section */

/* Begin PBXSourcesBuildPhase section */
		B8AAE2B1299237C000AAA718 /* Sources */ = {
			isa = PBXSourcesBuildPhase;
			buildActionMask = 2147483647;
			files = (
				B8975C632992458B00BE9B6E /* NewNote.swift in Sources */,
				B8AAE2BB299237C000AAA718 /* ContentView.swift in Sources */,
				B8975C6129923C8B00BE9B6E /* newView.swift in Sources */,
				B8AAE2B9299237C000AAA718 /* NotebookDemoApp.swift in Sources */,
			);
			runOnlyForDeploymentPostprocessing = 0;
		};
		B8AAE2C1299237C500AAA718 /* Sources */ = {
			isa = PBXSourcesBuildPhase;
			buildActionMask = 2147483647;
			files = (
				B8AAE2CA299237C500AAA718 /* NotebookDemoTests.swift in Sources */,
			);
			runOnlyForDeploymentPostprocessing = 0;
		};
		B8AAE2CB299237C500AAA718 /* Sources */ = {
			isa = PBXSourcesBuildPhase;
			buildActionMask = 2147483647;
			files = (
				B8AAE2D6299237C500AAA718 /* NotebookDemoUITestsLaunchTests.swift in Sources */,
				B8AAE2D4299237C500AAA718 /* NotebookDemoUITests.swift in Sources */,
			);
			runOnlyForDeploymentPostprocessing = 0;
		};
/* End PBXSourcesBuildPhase section */

/* Begin PBXTargetDependency section */
		B8AAE2C7299237C500AAA718 /* PBXTargetDependency */ = {
			isa = PBXTargetDependency;
			target = B8AAE2B4299237C000AAA718 /* NotebookDemo */;
			targetProxy = B8AAE2C6299237C500AAA718 /* PBXContainerItemProxy */;
		};
		B8AAE2D1299237C500AAA718 /* PBXTargetDependency */ = {
			isa = PBXTargetDependency;
			target = B8AAE2B4299237C000AAA718 /* NotebookDemo */;
			targetProxy = B8AAE2D0299237C500AAA718 /* PBXContainerItemProxy */;
		};
/* End PBXTargetDependency section */

/* Begin XCBuildConfiguration section */
		B8AAE2D7299237C500AAA718 /* Debug */ = {
			isa = XCBuildConfiguration;
			buildSettings = {
				ALWAYS_SEARCH_USER_PATHS = NO;
				CLANG_ANALYZER_NONNULL = YES;
				CLANG_ANALYZER_NUMBER_OBJECT_CONVERSION = YES_AGGRESSIVE;
				CLANG_CXX_LANGUAGE_STANDARD = "gnu++17";
				CLANG_ENABLE_MODULES = YES;
				CLANG_ENABLE_OBJC_ARC = YES;
				CLANG_ENABLE_OBJC_WEAK = YES;
				CLANG_WARN_BLOCK_CAPTURE_AUTORELEASING = YES;
				CLANG_WARN_BOOL_CONVERSION = YES;
				CLANG_WARN_COMMA = YES;
				CLANG_WARN_CONSTANT_CONVERSION = YES;
				CLANG_WARN_DEPRECATED_OBJC_IMPLEMENTATIONS = YES;
				CLANG_WARN_DIRECT_OBJC_ISA_USAGE = YES_ERROR;
				CLANG_WARN_DOCUMENTATION_COMMENTS = YES;
				CLANG_WARN_EMPTY_BODY = YES;
				CLANG_WARN_ENUM_CONVERSION = YES;
				CLANG_WARN_INFINITE_RECURSION = YES;
				CLANG_WARN_INT_CONVERSION = YES;
				CLANG_WARN_NON_LITERAL_NULL_CONVERSION = YES;
				CLANG_WARN_OBJC_IMPLICIT_RETAIN_SELF = YES;
				CLANG_WARN_OBJC_LITERAL_CONVERSION = YES;
				CLANG_WARN_OBJC_ROOT_CLASS = YES_ERROR;
				CLANG_WARN_QUOTED_INCLUDE_IN_FRAMEWORK_HEADER = YES;
				CLANG_WARN_RANGE_LOOP_ANALYSIS = YES;
				CLANG_WARN_STRICT_PROTOTYPES = YES;
				CLANG_WARN_SUSPICIOUS_MOVE = YES;
				CLANG_WARN_UNGUARDED_AVAILABILITY = YES_AGGRESSIVE;
				CLANG_WARN_UNREACHABLE_CODE = YES;
				CLANG_WARN__DUPLICATE_METHOD_MATCH = YES;
				COPY_PHASE_STRIP = NO;
				DEBUG_INFORMATION_FORMAT = dwarf;
				ENABLE_STRICT_OBJC_MSGSEND = YES;
				ENABLE_TESTABILITY = YES;
				GCC_C_LANGUAGE_STANDARD = gnu11;
				GCC_DYNAMIC_NO_PIC = NO;
				GCC_NO_COMMON_BLOCKS = YES;
				GCC_OPTIMIZATION_LEVEL = 0;
				GCC_PREPROCESSOR_DEFINITIONS = (
					"DEBUG=1",
					"$(inherited)",
				);
				GCC_WARN_64_TO_32_BIT_CONVERSION = YES;
				GCC_WARN_ABOUT_RETURN_TYPE = YES_ERROR;
				GCC_WARN_UNDECLARED_SELECTOR = YES;
				GCC_WARN_UNINITIALIZED_AUTOS = YES_AGGRESSIVE;
				GCC_WARN_UNUSED_FUNCTION = YES;
				GCC_WARN_UNUSED_VARIABLE = YES;
				IPHONEOS_DEPLOYMENT_TARGET = 15.5;
				MTL_ENABLE_DEBUG_INFO = INCLUDE_SOURCE;
				MTL_FAST_MATH = YES;
				ONLY_ACTIVE_ARCH = YES;
				SDKROOT = iphoneos;
				SWIFT_ACTIVE_COMPILATION_CONDITIONS = DEBUG;
				SWIFT_OPTIMIZATION_LEVEL = "-Onone";
			};
			name = Debug;
		};
		B8AAE2D8299237C500AAA718 /* Release */ = {
			isa = XCBuildConfiguration;
			buildSettings = {
				ALWAYS_SEARCH_USER_PATHS = NO;
				CLANG_ANALYZER_NONNULL = YES;
				CLANG_ANALYZER_NUMBER_OBJECT_CONVERSION = YES_AGGRESSIVE;
				CLANG_CXX_LANGUAGE_STANDARD = "gnu++17";
				CLANG_ENABLE_MODULES = YES;
				CLANG_ENABLE_OBJC_ARC = YES;
				CLANG_ENABLE_OBJC_WEAK = YES;
				CLANG_WARN_BLOCK_CAPTURE_AUTORELEASING = YES;
				CLANG_WARN_BOOL_CONVERSION = YES;
				CLANG_WARN_COMMA = YES;
				CLANG_WARN_CONSTANT_CONVERSION = YES;
				CLANG_WARN_DEPRECATED_OBJC_IMPLEMENTATIONS = YES;
				CLANG_WARN_DIRECT_OBJC_ISA_USAGE = YES_ERROR;
				CLANG_WARN_DOCUMENTATION_COMMENTS = YES;
				CLANG_WARN_EMPTY_BODY = YES;
				CLANG_WARN_ENUM_CONVERSION = YES;
				CLANG_WARN_INFINITE_RECURSION = YES;
				CLANG_WARN_INT_CONVERSION = YES;
				CLANG_WARN_NON_LITERAL_NULL_CONVERSION = YES;
				CLANG_WARN_OBJC_IMPLICIT_RETAIN_SELF = YES;
				CLANG_WARN_OBJC_LITERAL_CONVERSION = YES;
				CLANG_WARN_OBJC_ROOT_CLASS = YES_ERROR;
				CLANG_WARN_QUOTED_INCLUDE_IN_FRAMEWORK_HEADER = YES;
				CLANG_WARN_RANGE_LOOP_ANALYSIS = YES;
				CLANG_WARN_STRICT_PROTOTYPES = YES;
				CLANG_WARN_SUSPICIOUS_MOVE = YES;
				CLANG_WARN_UNGUARDED_AVAILABILITY = YES_AGGRESSIVE;
				CLANG_WARN_UNREACHABLE_CODE = YES;
				CLANG_WARN__DUPLICATE_METHOD_MATCH = YES;
				COPY_PHASE_STRIP = NO;
				DEBUG_INFORMATION_FORMAT = "dwarf-with-dsym";
				ENABLE_NS_ASSERTIONS = NO;
				ENABLE_STRICT_OBJC_MSGSEND = YES;
				GCC_C_LANGUAGE_STANDARD = gnu11;
				GCC_NO_COMMON_BLOCKS = YES;
				GCC_WARN_64_TO_32_BIT_CONVERSION = YES;
				GCC_WARN_ABOUT_RETURN_TYPE = YES_ERROR;
				GCC_WARN_UNDECLARED_SELECTOR = YES;
				GCC_WARN_UNINITIALIZED_AUTOS = YES_AGGRESSIVE;
				GCC_WARN_UNUSED_FUNCTION = YES;
				GCC_WARN_UNUSED_VARIABLE = YES;
				IPHONEOS_DEPLOYMENT_TARGET = 15.5;
				MTL_ENABLE_DEBUG_INFO = NO;
				MTL_FAST_MATH = YES;
				SDKROOT = iphoneos;
				SWIFT_COMPILATION_MODE = wholemodule;
				SWIFT_OPTIMIZATION_LEVEL = "-O";
				VALIDATE_PRODUCT = YES;
			};
			name = Release;
		};
		B8AAE2DA299237C500AAA718 /* Debug */ = {
			isa = XCBuildConfiguration;
			buildSettings = {
				ASSETCATALOG_COMPILER_APPICON_NAME = AppIcon;
				ASSETCATALOG_COMPILER_GLOBAL_ACCENT_COLOR_NAME = AccentColor;
				CODE_SIGN_STYLE = Automatic;
				CURRENT_PROJECT_VERSION = 1;
				DEVELOPMENT_ASSET_PATHS = "\"NotebookDemo/Preview Content\"";
				DEVELOPMENT_TEAM = ZWNDV6BHMH;
				ENABLE_PREVIEWS = YES;
				GENERATE_INFOPLIST_FILE = YES;
				INFOPLIST_KEY_UIApplicationSceneManifest_Generation = YES;
				INFOPLIST_KEY_UIApplicationSupportsIndirectInputEvents = YES;
				INFOPLIST_KEY_UILaunchScreen_Generation = YES;
				INFOPLIST_KEY_UISupportedInterfaceOrientations_iPad = "UIInterfaceOrientationPortrait UIInterfaceOrientationPortraitUpsideDown UIInterfaceOrientationLandscapeLeft UIInterfaceOrientationLandscapeRight";
				INFOPLIST_KEY_UISupportedInterfaceOrientations_iPhone = "UIInterfaceOrientationPortrait UIInterfaceOrientationLandscapeLeft UIInterfaceOrientationLandscapeRight";
				LD_RUNPATH_SEARCH_PATHS = (
					"$(inherited)",
					"@executable_path/Frameworks",
				);
				MARKETING_VERSION = 1.0;
				PRODUCT_BUNDLE_IDENTIFIER = handin.NotebookDemo;
				PRODUCT_NAME = "$(TARGET_NAME)";
				SWIFT_EMIT_LOC_STRINGS = YES;
				SWIFT_VERSION = 5.0;
				TARGETED_DEVICE_FAMILY = "1,2";
			};
			name = Debug;
		};
		B8AAE2DB299237C500AAA718 /* Release */ = {
			isa = XCBuildConfiguration;
			buildSettings = {
				ASSETCATALOG_COMPILER_APPICON_NAME = AppIcon;
				ASSETCATALOG_COMPILER_GLOBAL_ACCENT_COLOR_NAME = AccentColor;
				CODE_SIGN_STYLE = Automatic;
				CURRENT_PROJECT_VERSION = 1;
				DEVELOPMENT_ASSET_PATHS = "\"NotebookDemo/Preview Content\"";
				DEVELOPMENT_TEAM = ZWNDV6BHMH;
				ENABLE_PREVIEWS = YES;
				GENERATE_INFOPLIST_FILE = YES;
				INFOPLIST_KEY_UIApplicationSceneManifest_Generation = YES;
				INFOPLIST_KEY_UIApplicationSupportsIndirectInputEvents = YES;
				INFOPLIST_KEY_UILaunchScreen_Generation = YES;
				INFOPLIST_KEY_UISupportedInterfaceOrientations_iPad = "UIInterfaceOrientationPortrait UIInterfaceOrientationPortraitUpsideDown UIInterfaceOrientationLandscapeLeft UIInterfaceOrientationLandscapeRight";
				INFOPLIST_KEY_UISupportedInterfaceOrientations_iPhone = "UIInterfaceOrientationPortrait UIInterfaceOrientationLandscapeLeft UIInterfaceOrientationLandscapeRight";
				LD_RUNPATH_SEARCH_PATHS = (
					"$(inherited)",
					"@executable_path/Frameworks",
				);
				MARKETING_VERSION = 1.0;
				PRODUCT_BUNDLE_IDENTIFIER = handin.NotebookDemo;
				PRODUCT_NAME = "$(TARGET_NAME)";
				SWIFT_EMIT_LOC_STRINGS = YES;
				SWIFT_VERSION = 5.0;
				TARGETED_DEVICE_FAMILY = "1,2";
			};
			name = Release;
		};
		B8AAE2DD299237C500AAA718 /* Debug */ = {
			isa = XCBuildConfiguration;
			buildSettings = {
				ALWAYS_EMBED_SWIFT_STANDARD_LIBRARIES = YES;
				BUNDLE_LOADER = "$(TEST_HOST)";
				CODE_SIGN_STYLE = Automatic;
				CURRENT_PROJECT_VERSION = 1;
				DEVELOPMENT_TEAM = ZWNDV6BHMH;
				GENERATE_INFOPLIST_FILE = YES;
				IPHONEOS_DEPLOYMENT_TARGET = 15.5;
				MARKETING_VERSION = 1.0;
				PRODUCT_BUNDLE_IDENTIFIER = handin.NotebookDemoTests;
				PRODUCT_NAME = "$(TARGET_NAME)";
				SWIFT_EMIT_LOC_STRINGS = NO;
				SWIFT_VERSION = 5.0;
				TARGETED_DEVICE_FAMILY = "1,2";
				TEST_HOST = "$(BUILT_PRODUCTS_DIR)/NotebookDemo.app/NotebookDemo";
			};
			name = Debug;
		};
		B8AAE2DE299237C500AAA718 /* Release */ = {
			isa = XCBuildConfiguration;
			buildSettings = {
				ALWAYS_EMBED_SWIFT_STANDARD_LIBRARIES = YES;
				BUNDLE_LOADER = "$(TEST_HOST)";
				CODE_SIGN_STYLE = Automatic;
				CURRENT_PROJECT_VERSION = 1;
				DEVELOPMENT_TEAM = ZWNDV6BHMH;
				GENERATE_INFOPLIST_FILE = YES;
				IPHONEOS_DEPLOYMENT_TARGET = 15.5;
				MARKETING_VERSION = 1.0;
				PRODUCT_BUNDLE_IDENTIFIER = handin.NotebookDemoTests;
				PRODUCT_NAME = "$(TARGET_NAME)";
				SWIFT_EMIT_LOC_STRINGS = NO;
				SWIFT_VERSION = 5.0;
				TARGETED_DEVICE_FAMILY = "1,2";
				TEST_HOST = "$(BUILT_PRODUCTS_DIR)/NotebookDemo.app/NotebookDemo";
			};
			name = Release;
		};
		B8AAE2E0299237C500AAA718 /* Debug */ = {
			isa = XCBuildConfiguration;
			buildSettings = {
				ALWAYS_EMBED_SWIFT_STANDARD_LIBRARIES = YES;
				CODE_SIGN_STYLE = Automatic;
				CURRENT_PROJECT_VERSION = 1;
				DEVELOPMENT_TEAM = ZWNDV6BHMH;
				GENERATE_INFOPLIST_FILE = YES;
				MARKETING_VERSION = 1.0;
				PRODUCT_BUNDLE_IDENTIFIER = handin.NotebookDemoUITests;
				PRODUCT_NAME = "$(TARGET_NAME)";
				SWIFT_EMIT_LOC_STRINGS = NO;
				SWIFT_VERSION = 5.0;
				TARGETED_DEVICE_FAMILY = "1,2";
				TEST_TARGET_NAME = NotebookDemo;
			};
			name = Debug;
		};
		B8AAE2E1299237C500AAA718 /* Release */ = {
			isa = XCBuildConfiguration;
			buildSettings = {
				ALWAYS_EMBED_SWIFT_STANDARD_LIBRARIES = YES;
				CODE_SIGN_STYLE = Automatic;
				CURRENT_PROJECT_VERSION = 1;
				DEVELOPMENT_TEAM = ZWNDV6BHMH;
				GENERATE_INFOPLIST_FILE = YES;
				MARKETING_VERSION = 1.0;
				PRODUCT_BUNDLE_IDENTIFIER = handin.NotebookDemoUITests;
				PRODUCT_NAME = "$(TARGET_NAME)";
				SWIFT_EMIT_LOC_STRINGS = NO;
				SWIFT_VERSION = 5.0;
				TARGETED_DEVICE_FAMILY = "1,2";
				TEST_TARGET_NAME = NotebookDemo;
			};
			name = Release;
		};
/* End XCBuildConfiguration section */

/* Begin XCConfigurationList section */
		B8AAE2B0299237C000AAA718 /* Build configuration list for PBXProject "NotebookDemo" */ = {
			isa = XCConfigurationList;
			buildConfigurations = (
				B8AAE2D7299237C500AAA718 /* Debug */,
				B8AAE2D8299237C500AAA718 /* Release */,
			);
			defaultConfigurationIsVisible = 0;
			defaultConfigurationName = Release;
		};
		B8AAE2D9299237C500AAA718 /* Build configuration list for PBXNativeTarget "NotebookDemo" */ = {
			isa = XCConfigurationList;
			buildConfigurations = (
				B8AAE2DA299237C500AAA718 /* Debug */,
				B8AAE2DB299237C500AAA718 /* Release */,
			);
			defaultConfigurationIsVisible = 0;
			defaultConfigurationName = Release;
		};
		B8AAE2DC299237C500AAA718 /* Build configuration list for PBXNativeTarget "NotebookDemoTests" */ = {
			isa = XCConfigurationList;
			buildConfigurations = (
				B8AAE2DD299237C500AAA718 /* Debug */,
				B8AAE2DE299237C500AAA718 /* Release */,
			);
			defaultConfigurationIsVisible = 0;
			defaultConfigurationName = Release;
		};
		B8AAE2DF299237C500AAA718 /* Build configuration list for PBXNativeTarget "NotebookDemoUITests" */ = {
			isa = XCConfigurationList;
			buildConfigurations = (
				B8AAE2E0299237C500AAA718 /* Debug */,
				B8AAE2E1299237C500AAA718 /* Release */,
			);
			defaultConfigurationIsVisible = 0;
			defaultConfigurationName = Release;
		};
/* End XCConfigurationList section */
	};
	rootObject = B8AAE2AD299237C000AAA718 /* Project object */;
}
